
Microsoft Visual Studio Solution File, Format Version 12.00
# Visual Studio 15
VisualStudioVersion = 15.0.28307.572
MinimumVisualStudioVersion = 10.0.40219.1
Project("{FAE04EC0-301F-11D3-BF4B-00C04F79EFBC}") = "DataTransformSystem.Demo", "DataTransformSystem.Demo\DataTransformSystem.Demo.csproj", "{9B911179-7735-4924-BD60-AA443A123021}"
EndProject
Project("{FAE04EC0-301F-11D3-BF4B-00C04F79EFBC}") = "DataTransformSystem", "DataTransformSystem\DataTransformSystem.csproj", "{10F743DD-9DB9-4374-BC5D-C584DF2D5CA3}"
EndProject
Global
	GlobalSection(SolutionConfigurationPlatforms) = preSolution
		Debug|Any CPU = Debug|Any CPU
		Release|Any CPU = Release|Any CPU
	EndGlobalSection
	GlobalSection(ProjectConfigurationPlatforms) = postSolution
		{9B911179-7735-4924-BD60-AA443A123021}.Debug|Any CPU.ActiveCfg = Debug|Any CPU
		{9B911179-7735-4924-BD60-AA443A123021}.Debug|Any CPU.Build.0 = Debug|Any CPU
		{9B911179-7735-4924-BD60-AA443A123021}.Release|Any CPU.ActiveCfg = Release|Any CPU
		{9B911179-7735-4924-BD60-AA443A123021}.Release|Any CPU.Build.0 = Release|Any CPU
		{10F743DD-9DB9-4374-BC5D-C584DF2D5CA3}.Debug|Any CPU.ActiveCfg = Debug|Any CPU
		{10F743DD-9DB9-4374-BC5D-C584DF2D5CA3}.Debug|Any CPU.Build.0 = Debug|Any CPU
		{10F743DD-9DB9-4374-BC5D-C584DF2D5CA3}.Release|Any CPU.ActiveCfg = Release|Any CPU
		{10F743DD-9DB9-4374-BC5D-C584DF2D5CA3}.Release|Any CPU.Build.0 = Release|Any CPU
	EndGlobalSection
	GlobalSection(SolutionProperties) = preSolution
		HideSolutionNode = FALSE
	EndGlobalSection
	GlobalSection(ExtensibilityGlobals) = postSolution
		SolutionGuid = {C8D0BE8E-492A-43B6-994E-78A77AE2289A}
	EndGlobalSection
EndGlobal
